
Microsoft Visual Studio Solution File, Format Version 12.00
# Visual Studio Version 17
VisualStudioVersion = 17.0.31903.59
MinimumVisualStudioVersion = 10.0.40219.1
Project("{2150E333-8FDC-42A3-9474-1A3956D46DE8}") = "src", "src", "{86B994B5-8E94-433A-9173-A07BEF4D7106}"
EndProject
Project("{FAE04EC0-301F-11D3-BF4B-00C04F79EFBC}") = "Sanzu.Core", "src\Sanzu.Core\Sanzu.Core.csproj", "{AAD4D841-76B5-453B-B195-232CD40DC41F}"
EndProject
Project("{FAE04EC0-301F-11D3-BF4B-00C04F79EFBC}") = "Sanzu.Infrastructure", "src\Sanzu.Infrastructure\Sanzu.Infrastructure.csproj", "{871AEC2B-936D-45AC-8218-07331768A3F9}"
EndProject
Project("{FAE04EC0-301F-11D3-BF4B-00C04F79EFBC}") = "Sanzu.API", "src\Sanzu.API\Sanzu.API.csproj", "{6F4377C4-461D-4A77-A50F-D4A6AF6F0EC7}"
EndProject
Project("{2150E333-8FDC-42A3-9474-1A3956D46DE8}") = "tests", "tests", "{342AA9FC-230C-453C-99D0-A6EC12772C66}"
EndProject
Project("{FAE04EC0-301F-11D3-BF4B-00C04F79EFBC}") = "Sanzu.Tests", "tests\Sanzu.Tests\Sanzu.Tests.csproj", "{EF253916-BCB6-4647-8E46-ABC9E4CDFBD1}"
EndProject
Project("{FAE04EC0-301F-11D3-BF4B-00C04F79EFBC}") = "Sanzu.Web", "src\Sanzu.Web\Sanzu.Web.csproj", "{C3513762-D218-4CEE-983A-A293E258FACA}"
EndProject
Global
	GlobalSection(SolutionConfigurationPlatforms) = preSolution
		Debug|Any CPU = Debug|Any CPU
		Release|Any CPU = Release|Any CPU
	EndGlobalSection
	GlobalSection(SolutionProperties) = preSolution
		HideSolutionNode = FALSE
	EndGlobalSection
	GlobalSection(ProjectConfigurationPlatforms) = postSolution
		{AAD4D841-76B5-453B-B195-232CD40DC41F}.Debug|Any CPU.ActiveCfg = Debug|Any CPU
		{AAD4D841-76B5-453B-B195-232CD40DC41F}.Debug|Any CPU.Build.0 = Debug|Any CPU
		{AAD4D841-76B5-453B-B195-232CD40DC41F}.Release|Any CPU.ActiveCfg = Release|Any CPU
		{AAD4D841-76B5-453B-B195-232CD40DC41F}.Release|Any CPU.Build.0 = Release|Any CPU
		{871AEC2B-936D-45AC-8218-07331768A3F9}.Debug|Any CPU.ActiveCfg = Debug|Any CPU
		{871AEC2B-936D-45AC-8218-07331768A3F9}.Debug|Any CPU.Build.0 = Debug|Any CPU
		{871AEC2B-936D-45AC-8218-07331768A3F9}.Release|Any CPU.ActiveCfg = Release|Any CPU
		{871AEC2B-936D-45AC-8218-07331768A3F9}.Release|Any CPU.Build.0 = Release|Any CPU
		{6F4377C4-461D-4A77-A50F-D4A6AF6F0EC7}.Debug|Any CPU.ActiveCfg = Debug|Any CPU
		{6F4377C4-461D-4A77-A50F-D4A6AF6F0EC7}.Debug|Any CPU.Build.0 = Debug|Any CPU
		{6F4377C4-461D-4A77-A50F-D4A6AF6F0EC7}.Release|Any CPU.ActiveCfg = Release|Any CPU
		{6F4377C4-461D-4A77-A50F-D4A6AF6F0EC7}.Release|Any CPU.Build.0 = Release|Any CPU
		{EF253916-BCB6-4647-8E46-ABC9E4CDFBD1}.Debug|Any CPU.ActiveCfg = Debug|Any CPU
		{EF253916-BCB6-4647-8E46-ABC9E4CDFBD1}.Debug|Any CPU.Build.0 = Debug|Any CPU
		{EF253916-BCB6-4647-8E46-ABC9E4CDFBD1}.Release|Any CPU.ActiveCfg = Release|Any CPU
		{EF253916-BCB6-4647-8E46-ABC9E4CDFBD1}.Release|Any CPU.Build.0 = Release|Any CPU
		{C3513762-D218-4CEE-983A-A293E258FACA}.Debug|Any CPU.ActiveCfg = Debug|Any CPU
		{C3513762-D218-4CEE-983A-A293E258FACA}.Debug|Any CPU.Build.0 = Debug|Any CPU
		{C3513762-D218-4CEE-983A-A293E258FACA}.Release|Any CPU.ActiveCfg = Release|Any CPU
		{C3513762-D218-4CEE-983A-A293E258FACA}.Release|Any CPU.Build.0 = Release|Any CPU
	EndGlobalSection
	GlobalSection(NestedProjects) = preSolution
		{AAD4D841-76B5-453B-B195-232CD40DC41F} = {86B994B5-8E94-433A-9173-A07BEF4D7106}
		{871AEC2B-936D-45AC-8218-07331768A3F9} = {86B994B5-8E94-433A-9173-A07BEF4D7106}
		{6F4377C4-461D-4A77-A50F-D4A6AF6F0EC7} = {86B994B5-8E94-433A-9173-A07BEF4D7106}
		{EF253916-BCB6-4647-8E46-ABC9E4CDFBD1} = {342AA9FC-230C-453C-99D0-A6EC12772C66}
		{C3513762-D218-4CEE-983A-A293E258FACA} = {86B994B5-8E94-433A-9173-A07BEF4D7106}
	EndGlobalSection
EndGlobal
